{
  "name": "sending-emails-with-gmail-and-node",
  "version": "1.0.0",
  "lockfileVersion": 1,
  "requires": true,
  "dependencies": {
    "nodemailer": {
      "version": "6.5.0",
      "resolved": "https://registry.npmjs.org/nodemailer/-/nodemailer-6.5.0.tgz",
      "integrity": "sha512-Tm4RPrrIZbnqDKAvX+/4M+zovEReiKlEXWDzG4iwtpL9X34MJY+D5LnQPH/+eghe8DLlAVshHAJZAZWBGhkguw=="
    }
  }
}
